
Microsoft Visual Studio Solution File, Format Version 12.00
# Visual Studio Version 16
VisualStudioVersion = 16.0.31702.278
MinimumVisualStudioVersion = 10.0.40219.1
Project("{FAE04EC0-301F-11D3-BF4B-00C04F79EFBC}") = "DlphxSql", "DlphxSql\DlphxSql.csproj", "{C418DE38-F75D-4105-B957-67ADC394E817}"
EndProject
Global
	GlobalSection(SolutionConfigurationPlatforms) = preSolution
		Debug|Any CPU = Debug|Any CPU
		Release|Any CPU = Release|Any CPU
	EndGlobalSection
	GlobalSection(ProjectConfigurationPlatforms) = postSolution
		{C418DE38-F75D-4105-B957-67ADC394E817}.Debug|Any CPU.ActiveCfg = Debug|Any CPU
		{C418DE38-F75D-4105-B957-67ADC394E817}.Debug|Any CPU.Build.0 = Debug|Any CPU
		{C418DE38-F75D-4105-B957-67ADC394E817}.Release|Any CPU.ActiveCfg = Release|Any CPU
		{C418DE38-F75D-4105-B957-67ADC394E817}.Release|Any CPU.Build.0 = Release|Any CPU
	EndGlobalSection
	GlobalSection(SolutionProperties) = preSolution
		HideSolutionNode = FALSE
	EndGlobalSection
	GlobalSection(ExtensibilityGlobals) = postSolution
		SolutionGuid = {02602C4B-FD80-4A57-BF34-ED2C51CC7F9B}
	EndGlobalSection
EndGlobal
